github.com/df-mc/atomic v1.10.0 h1:0ZuxBKwR/hxcFGorKiHIp+hY7hgY+XBTzhCYD2NqSEg=
github.com/df-mc/atomic v1.10.0/go.mod h1:Gw9rf+rPIbydMjA329Jn4yjd/O2c/qusw3iNp4tFGSc=
github.com/sandertv/go-raknet v1.12.0 h1:olUzZlIJyX/pgj/mrsLCZYjKLNDsYiWdvQ4NIm3z0DA=
github.com/sandertv/go-raknet v1.12.0/go.mod h1:Gx+WgZBMQ0V2UoouGoJ8Wj6CDrMBQ4SB2F/ggpl5/+Y=
